
Microsoft Visual Studio Solution File, Format Version 12.00
# Visual Studio Version 17
VisualStudioVersion = 17.4.33122.133
MinimumVisualStudioVersion = 10.0.40219.1
Project("{FAE04EC0-301F-11D3-BF4B-00C04F79EFBC}") = "prototype-Info-Manage", "prototype-Info-Manage\prototype-Info-Manage.csproj", "{BC06C84C-93C9-42A8-AE68-80766DF716C6}"
EndProject
Global
	GlobalSection(SolutionConfigurationPlatforms) = preSolution
		Debug|Any CPU = Debug|Any CPU
		Release|Any CPU = Release|Any CPU
	EndGlobalSection
	GlobalSection(ProjectConfigurationPlatforms) = postSolution
		{BC06C84C-93C9-42A8-AE68-80766DF716C6}.Debug|Any CPU.ActiveCfg = Debug|Any CPU
		{BC06C84C-93C9-42A8-AE68-80766DF716C6}.Debug|Any CPU.Build.0 = Debug|Any CPU
		{BC06C84C-93C9-42A8-AE68-80766DF716C6}.Release|Any CPU.ActiveCfg = Release|Any CPU
		{BC06C84C-93C9-42A8-AE68-80766DF716C6}.Release|Any CPU.Build.0 = Release|Any CPU
	EndGlobalSection
	GlobalSection(SolutionProperties) = preSolution
		HideSolutionNode = FALSE
	EndGlobalSection
	GlobalSection(ExtensibilityGlobals) = postSolution
		SolutionGuid = {A5129820-D44B-4BD6-BB0D-C7AAA4EC4E6E}
	EndGlobalSection
EndGlobal
